
Microsoft Visual Studio Solution File, Format Version 12.00
# Visual Studio Version 16
VisualStudioVersion = 16.0.29306.81
MinimumVisualStudioVersion = 10.0.40219.1
Project("{FAE04EC0-301F-11D3-BF4B-00C04F79EFBC}") = "WordBreak", "WordBreak\WordBreak.csproj", "{567D5746-D4CC-4C5C-923D-79C9B502AC30}"
EndProject
Global
	GlobalSection(SolutionConfigurationPlatforms) = preSolution
		Debug|Any CPU = Debug|Any CPU
		Release|Any CPU = Release|Any CPU
	EndGlobalSection
	GlobalSection(ProjectConfigurationPlatforms) = postSolution
		{567D5746-D4CC-4C5C-923D-79C9B502AC30}.Debug|Any CPU.ActiveCfg = Debug|Any CPU
		{567D5746-D4CC-4C5C-923D-79C9B502AC30}.Debug|Any CPU.Build.0 = Debug|Any CPU
		{567D5746-D4CC-4C5C-923D-79C9B502AC30}.Release|Any CPU.ActiveCfg = Release|Any CPU
		{567D5746-D4CC-4C5C-923D-79C9B502AC30}.Release|Any CPU.Build.0 = Release|Any CPU
	EndGlobalSection
	GlobalSection(SolutionProperties) = preSolution
		HideSolutionNode = FALSE
	EndGlobalSection
	GlobalSection(ExtensibilityGlobals) = postSolution
		SolutionGuid = {6AB8E7F0-06C8-44B7-8C22-854011851222}
	EndGlobalSection
EndGlobal
